
Microsoft Visual Studio Solution File, Format Version 12.00
# Visual Studio 15
Project("{FAE04EC0-301F-11D3-BF4B-00C04F79EFBC}") = "Assembly-CSharp-Editor", "Assembly-CSharp-Editor.csproj", "{9BDB2620-2D04-C7A1-2B6C-E3D2BFBFBDED}"
EndProject
Project("{FAE04EC0-301F-11D3-BF4B-00C04F79EFBC}") = "Assembly-CSharp", "Assembly-CSharp.csproj", "{2BE5775F-287F-C616-04A3-BF24581ADAF7}"
EndProject
Global
	GlobalSection(SolutionConfigurationPlatforms) = preSolution
		Debug|Any CPU = Debug|Any CPU
		Release|Any CPU = Release|Any CPU
	EndGlobalSection
	GlobalSection(ProjectConfigurationPlatforms) = postSolution
		{9BDB2620-2D04-C7A1-2B6C-E3D2BFBFBDED}.Debug|Any CPU.ActiveCfg = Debug|Any CPU
		{9BDB2620-2D04-C7A1-2B6C-E3D2BFBFBDED}.Debug|Any CPU.Build.0 = Debug|Any CPU
		{9BDB2620-2D04-C7A1-2B6C-E3D2BFBFBDED}.Release|Any CPU.ActiveCfg = Release|Any CPU
		{9BDB2620-2D04-C7A1-2B6C-E3D2BFBFBDED}.Release|Any CPU.Build.0 = Release|Any CPU
		{2BE5775F-287F-C616-04A3-BF24581ADAF7}.Debug|Any CPU.ActiveCfg = Debug|Any CPU
		{2BE5775F-287F-C616-04A3-BF24581ADAF7}.Debug|Any CPU.Build.0 = Debug|Any CPU
		{2BE5775F-287F-C616-04A3-BF24581ADAF7}.Release|Any CPU.ActiveCfg = Release|Any CPU
		{2BE5775F-287F-C616-04A3-BF24581ADAF7}.Release|Any CPU.Build.0 = Release|Any CPU
	EndGlobalSection
	GlobalSection(SolutionProperties) = preSolution
		HideSolutionNode = FALSE
	EndGlobalSection
EndGlobal
